// !$*UTF8*$!
{
	archiveVersion = 1;
	classes = {
	};
	objectVersion = 48;
	objects = {

/* Begin PBXBuildFile section */
		735D1B9B1D4AD47000EB9841 /* AppDelegate.swift in Sources */ = {isa = PBXBuildFile; fileRef = 735D1B9A1D4AD47000EB9841 /* AppDelegate.swift */; };
		735D1B9D1D4AD47000EB9841 /* ViewController.swift in Sources */ = {isa = PBXBuildFile; fileRef = 735D1B9C1D4AD47000EB9841 /* ViewController.swift */; };
		735D1BA01D4AD47000EB9841 /* Main.storyboard in Resources */ = {isa = PBXBuildFile; fileRef = 735D1B9E1D4AD47000EB9841 /* Main.storyboard */; };
		735D1BA21D4AD47000EB9841 /* Assets.xcassets in Resources */ = {isa = PBXBuildFile; fileRef = 735D1BA11D4AD47000EB9841 /* Assets.xcassets */; };
		735D1BA51D4AD47000EB9841 /* LaunchScreen.storyboard in Resources */ = {isa = PBXBuildFile; fileRef = 735D1BA31D4AD47000EB9841 /* LaunchScreen.storyboard */; };
		735D1BAD1D4AD69200EB9841 /* CoreDataStack.swift in Sources */ = {isa = PBXBuildFile; fileRef = 735D1BAC1D4AD69200EB9841 /* CoreDataStack.swift */; };
		735D1BB01D4AF35800EB9841 /* TodoList.xcdatamodeld in Sources */ = {isa = PBXBuildFile; fileRef = 735D1BAE1D4AF35800EB9841 /* TodoList.xcdatamodeld */; };
		735D1BB21D4AF76400EB9841 /* TodoListController.swift in Sources */ = {isa = PBXBuildFile; fileRef = 735D1BB11D4AF76400EB9841 /* TodoListController.swift */; };
		737783D01D63F2FF00D45629 /* TodoFetchedResultsController.swift in Sources */ = {isa = PBXBuildFile; fileRef = 737783CF1D63F2FF00D45629 /* TodoFetchedResultsController.swift */; };
		73EB7E2F1D55550F0074A47A /* Item+CoreDataClass.swift in Sources */ = {isa = PBXBuildFile; fileRef = 73EB7E2D1D55550F0074A47A /* Item+CoreDataClass.swift */; };
		73EB7E301D55550F0074A47A /* Item+CoreDataProperties.swift in Sources */ = {isa = PBXBuildFile; fileRef = 73EB7E2E1D55550F0074A47A /* Item+CoreDataProperties.swift */; };
/* End PBXBuildFile section */

/* Begin PBXFileReference section */
		735D1B971D4AD47000EB9841 /* To Do List.app */ = {isa = PBXFileReference; explicitFileType = wrapper.application; includeInIndex = 0; path = "To Do List.app"; sourceTree = BUILT_PRODUCTS_DIR; };
		735D1B9A1D4AD47000EB9841 /* AppDelegate.swift */ = {isa = PBXFileReference; lastKnownFileType = sourcecode.swift; path = AppDelegate.swift; sourceTree = "<group>"; };
		735D1B9C1D4AD47000EB9841 /* ViewController.swift */ = {isa = PBXFileReference; lastKnownFileType = sourcecode.swift; path = ViewController.swift; sourceTree = "<group>"; };
		735D1B9F1D4AD47000EB9841 /* Base */ = {isa = PBXFileReference; lastKnownFileType = file.storyboard; name = Base; path = Base.lproj/Main.storyboard; sourceTree = "<group>"; };
		735D1BA11D4AD47000EB9841 /* Assets.xcassets */ = {isa = PBXFileReference; lastKnownFileType = folder.assetcatalog; path = Assets.xcassets; sourceTree = "<group>"; };
		735D1BA41D4AD47000EB9841 /* Base */ = {isa = PBXFileReference; lastKnownFileType = file.storyboard; name = Base; path = Base.lproj/LaunchScreen.storyboard; sourceTree = "<group>"; };
		735D1BA61D4AD47000EB9841 /* Info.plist */ = {isa = PBXFileReference; lastKnownFileType = text.plist.xml; path = Info.plist; sourceTree = "<group>"; };
		735D1BAC1D4AD69200EB9841 /* CoreDataStack.swift */ = {isa = PBXFileReference; fileEncoding = 4; lastKnownFileType = sourcecode.swift; path = CoreDataStack.swift; sourceTree = "<group>"; };
		735D1BAF1D4AF35800EB9841 /* TodoList.xcdatamodel */ = {isa = PBXFileReference; lastKnownFileType = wrapper.xcdatamodel; path = TodoList.xcdatamodel; sourceTree = "<group>"; };
		735D1BB11D4AF76400EB9841 /* TodoListController.swift */ = {isa = PBXFileReference; fileEncoding = 4; lastKnownFileType = sourcecode.swift; path = TodoListController.swift; sourceTree = "<group>"; };
		737783CF1D63F2FF00D45629 /* TodoFetchedResultsController.swift */ = {isa = PBXFileReference; fileEncoding = 4; lastKnownFileType = sourcecode.swift; path = TodoFetchedResultsController.swift; sourceTree = "<group>"; };
		73EB7E2D1D55550F0074A47A /* Item+CoreDataClass.swift */ = {isa = PBXFileReference; fileEncoding = 4; lastKnownFileType = sourcecode.swift; name = "Item+CoreDataClass.swift"; path = "../Item+CoreDataClass.swift"; sourceTree = "<group>"; };
		73EB7E2E1D55550F0074A47A /* Item+CoreDataProperties.swift */ = {isa = PBXFileReference; fileEncoding = 4; lastKnownFileType = sourcecode.swift; name = "Item+CoreDataProperties.swift"; path = "../Item+CoreDataProperties.swift"; sourceTree = "<group>"; };
/* End PBXFileReference section */

/* Begin PBXFrameworksBuildPhase section */
		735D1B941D4AD47000EB9841 /* Frameworks */ = {
			isa = PBXFrameworksBuildPhase;
			buildActionMask = 2147483647;
			files = (
			);
			runOnlyForDeploymentPostprocessing = 0;
		};
/* End PBXFrameworksBuildPhase section */

/* Begin PBXGroup section */
		735D1B8E1D4AD47000EB9841 = {
			isa = PBXGroup;
			children = (
				735D1B991D4AD47000EB9841 /* To Do List */,
				735D1B981D4AD47000EB9841 /* Products */,
			);
			sourceTree = "<group>";
		};
		735D1B981D4AD47000EB9841 /* Products */ = {
			isa = PBXGroup;
			children = (
				735D1B971D4AD47000EB9841 /* To Do List.app */,
			);
			name = Products;
			sourceTree = "<group>";
		};
		735D1B991D4AD47000EB9841 /* To Do List */ = {
			isa = PBXGroup;
			children = (
				73EB7E2D1D55550F0074A47A /* Item+CoreDataClass.swift */,
				73EB7E2E1D55550F0074A47A /* Item+CoreDataProperties.swift */,
				735D1B9A1D4AD47000EB9841 /* AppDelegate.swift */,
				735D1BAC1D4AD69200EB9841 /* CoreDataStack.swift */,
				735D1B9C1D4AD47000EB9841 /* ViewController.swift */,
				735D1BB11D4AF76400EB9841 /* TodoListController.swift */,
				737783CF1D63F2FF00D45629 /* TodoFetchedResultsController.swift */,
				735D1B9E1D4AD47000EB9841 /* Main.storyboard */,
				735D1BA11D4AD47000EB9841 /* Assets.xcassets */,
				735D1BA31D4AD47000EB9841 /* LaunchScreen.storyboard */,
				735D1BAE1D4AF35800EB9841 /* TodoList.xcdatamodeld */,
				735D1BA61D4AD47000EB9841 /* Info.plist */,
			);
			path = "To Do List";
			sourceTree = "<group>";
		};
/* End PBXGroup section */

/* Begin PBXNativeTarget section */
		735D1B961D4AD47000EB9841 /* To Do List */ = {
			isa = PBXNativeTarget;
			buildConfigurationList = 735D1BA91D4AD47000EB9841 /* Build configuration list for PBXNativeTarget "To Do List" */;
			buildPhases = (
				735D1B931D4AD47000EB9841 /* Sources */,
				735D1B941D4AD47000EB9841 /* Frameworks */,
				735D1B951D4AD47000EB9841 /* Resources */,
			);
			buildRules = (
			);
			dependencies = (
			);
			name = "To Do List";
			productName = "To Do List";
			productReference = 735D1B971D4AD47000EB9841 /* To Do List.app */;
			productType = "com.apple.product-type.application";
		};
/* End PBXNativeTarget section */

/* Begin PBXProject section */
		735D1B8F1D4AD47000EB9841 /* Project object */ = {
			isa = PBXProject;
			attributes = {
				LastSwiftUpdateCheck = 0800;
				LastUpgradeCheck = 0800;
				ORGANIZATIONNAME = "Arshin Jain";
				TargetAttributes = {
					735D1B961D4AD47000EB9841 = {
						CreatedOnToolsVersion = 8.0;
						DevelopmentTeam = 29YN3QBTM8;
						DevelopmentTeamName = "Rashmi Jain";
						LastSwiftMigration = 0800;
						ProvisioningStyle = Automatic;
					};
				};
			};
			buildConfigurationList = 735D1B921D4AD47000EB9841 /* Build configuration list for PBXProject "To Do List" */;
			compatibilityVersion = "Xcode 8.0";
			developmentRegion = English;
			hasScannedForEncodings = 0;
			knownRegions = (
				en,
				Base,
			);
			mainGroup = 735D1B8E1D4AD47000EB9841;
			productRefGroup = 735D1B981D4AD47000EB9841 /* Products */;
			projectDirPath = "";
			projectRoot = "";
			targets = (
				735D1B961D4AD47000EB9841 /* To Do List */,
			);
		};
/* End PBXProject section */

/* Begin PBXResourcesBuildPhase section */
		735D1B951D4AD47000EB9841 /* Resources */ = {
			isa = PBXResourcesBuildPhase;
			buildActionMask = 2147483647;
			files = (
				735D1BA51D4AD47000EB9841 /* LaunchScreen.storyboard in Resources */,
				735D1BA21D4AD47000EB9841 /* Assets.xcassets in Resources */,
				735D1BA01D4AD47000EB9841 /* Main.storyboard in Resources */,
			);
			runOnlyForDeploymentPostprocessing = 0;
		};
/* End PBXResourcesBuildPhase section */

/* Begin PBXSourcesBuildPhase section */
		735D1B931D4AD47000EB9841 /* Sources */ = {
			isa = PBXSourcesBuildPhase;
			buildActionMask = 2147483647;
			files = (
				73EB7E301D55550F0074A47A /* Item+CoreDataProperties.swift in Sources */,
				73EB7E2F1D55550F0074A47A /* Item+CoreDataClass.swift in Sources */,
				735D1BB21D4AF76400EB9841 /* TodoListController.swift in Sources */,
				735D1BAD1D4AD69200EB9841 /* CoreDataStack.swift in Sources */,
				737783D01D63F2FF00D45629 /* TodoFetchedResultsController.swift in Sources */,
				735D1B9D1D4AD47000EB9841 /* ViewController.swift in Sources */,
				735D1B9B1D4AD47000EB9841 /* AppDelegate.swift in Sources */,
				735D1BB01D4AF35800EB9841 /* TodoList.xcdatamodeld in Sources */,
			);
			runOnlyForDeploymentPostprocessing = 0;
		};
/* End PBXSourcesBuildPhase section */

/* Begin PBXVariantGroup section */
		735D1B9E1D4AD47000EB9841 /* Main.storyboard */ = {
			isa = PBXVariantGroup;
			children = (
				735D1B9F1D4AD47000EB9841 /* Base */,
			);
			name = Main.storyboard;
			sourceTree = "<group>";
		};
		735D1BA31D4AD47000EB9841 /* LaunchScreen.storyboard */ = {
			isa = PBXVariantGroup;
			children = (
				735D1BA41D4AD47000EB9841 /* Base */,
			);
			name = LaunchScreen.storyboard;
			sourceTree = "<group>";
		};
/* End PBXVariantGroup section */

/* Begin XCBuildConfiguration section */
		735D1BA71D4AD47000EB9841 /* Debug */ = {
			isa = XCBuildConfiguration;
			buildSettings = {
				ALWAYS_SEARCH_USER_PATHS = NO;
				CLANG_ANALYZER_NONNULL = YES;
				CLANG_CXX_LANGUAGE_STANDARD = "gnu++0x";
				CLANG_CXX_LIBRARY = "libc++";
				CLANG_ENABLE_MODULES = YES;
				CLANG_ENABLE_OBJC_ARC = YES;
				CLANG_WARN_BOOL_CONVERSION = YES;
				CLANG_WARN_CONSTANT_CONVERSION = YES;
				CLANG_WARN_DIRECT_OBJC_ISA_USAGE = YES_ERROR;
				CLANG_WARN_DOCUMENTATION_COMMENTS = YES;
				CLANG_WARN_EMPTY_BODY = YES;
				CLANG_WARN_ENUM_CONVERSION = YES;
				CLANG_WARN_INT_CONVERSION = YES;
				CLANG_WARN_OBJC_ROOT_CLASS = YES_ERROR;
				CLANG_WARN_UNREACHABLE_CODE = YES;
				CLANG_WARN__DUPLICATE_METHOD_MATCH = YES;
				"CODE_SIGN_IDENTITY[sdk=iphoneos*]" = "iPhone Developer";
				COPY_PHASE_STRIP = NO;
				DEBUG_INFORMATION_FORMAT = dwarf;
				ENABLE_STRICT_OBJC_MSGSEND = YES;
				ENABLE_TESTABILITY = YES;
				GCC_C_LANGUAGE_STANDARD = gnu99;
				GCC_DYNAMIC_NO_PIC = NO;
				GCC_NO_COMMON_BLOCKS = YES;
				GCC_OPTIMIZATION_LEVEL = 0;
				GCC_PREPROCESSOR_DEFINITIONS = (
					"DEBUG=1",
					"$(inherited)",
				);
				GCC_WARN_64_TO_32_BIT_CONVERSION = YES;
				GCC_WARN_ABOUT_RETURN_TYPE = YES_ERROR;
				GCC_WARN_UNDECLARED_SELECTOR = YES;
				GCC_WARN_UNINITIALIZED_AUTOS = YES_AGGRESSIVE;
				GCC_WARN_UNUSED_FUNCTION = YES;
				GCC_WARN_UNUSED_VARIABLE = YES;
				IPHONEOS_DEPLOYMENT_TARGET = 10.0;
				MTL_ENABLE_DEBUG_INFO = YES;
				ONLY_ACTIVE_ARCH = YES;
				SDKROOT = iphoneos;
				SWIFT_ACTIVE_COMPILATION_CONDITIONS = DEBUG;
				SWIFT_OPTIMIZATION_LEVEL = "-Onone";
				TARGETED_DEVICE_FAMILY = "1,2";
			};
			name = Debug;
		};
		735D1BA81D4AD47000EB9841 /* Release */ = {
			isa = XCBuildConfiguration;
			buildSettings = {
				ALWAYS_SEARCH_USER_PATHS = NO;
				CLANG_ANALYZER_NONNULL = YES;
				CLANG_CXX_LANGUAGE_STANDARD = "gnu++0x";
				CLANG_CXX_LIBRARY = "libc++";
				CLANG_ENABLE_MODULES = YES;
				CLANG_ENABLE_OBJC_ARC = YES;
				CLANG_WARN_BOOL_CONVERSION = YES;
				CLANG_WARN_CONSTANT_CONVERSION = YES;
				CLANG_WARN_DIRECT_OBJC_ISA_USAGE = YES_ERROR;
				CLANG_WARN_DOCUMENTATION_COMMENTS = YES;
				CLANG_WARN_EMPTY_BODY = YES;
				CLANG_WARN_ENUM_CONVERSION = YES;
				CLANG_WARN_INT_CONVERSION = YES;
				CLANG_WARN_OBJC_ROOT_CLASS = YES_ERROR;
				CLANG_WARN_UNREACHABLE_CODE = YES;
				CLANG_WARN__DUPLICATE_METHOD_MATCH = YES;
				"CODE_SIGN_IDENTITY[sdk=iphoneos*]" = "iPhone Developer";
				COPY_PHASE_STRIP = NO;
				DEBUG_INFORMATION_FORMAT = "dwarf-with-dsym";
				ENABLE_NS_ASSERTIONS = NO;
				ENABLE_STRICT_OBJC_MSGSEND = YES;
				GCC_C_LANGUAGE_STANDARD = gnu99;
				GCC_NO_COMMON_BLOCKS = YES;
				GCC_WARN_64_TO_32_BIT_CONVERSION = YES;
				GCC_WARN_ABOUT_RETURN_TYPE = YES_ERROR;
				GCC_WARN_UNDECLARED_SELECTOR = YES;
				GCC_WARN_UNINITIALIZED_AUTOS = YES_AGGRESSIVE;
				GCC_WARN_UNUSED_FUNCTION = YES;
				GCC_WARN_UNUSED_VARIABLE = YES;
				IPHONEOS_DEPLOYMENT_TARGET = 10.0;
				MTL_ENABLE_DEBUG_INFO = NO;
				SDKROOT = iphoneos;
				SWIFT_OPTIMIZATION_LEVEL = "-Owholemodule";
				TARGETED_DEVICE_FAMILY = "1,2";
				VALIDATE_PRODUCT = YES;
			};
			name = Release;
		};
		735D1BAA1D4AD47000EB9841 /* Debug */ = {
			isa = XCBuildConfiguration;
			buildSettings = {
				ASSETCATALOG_COMPILER_APPICON_NAME = AppIcon;
				DEVELOPMENT_TEAM = 29YN3QBTM8;
				INFOPLIST_FILE = "To Do List/Info.plist";
				LD_RUNPATH_SEARCH_PATHS = "$(inherited) @executable_path/Frameworks";
				PRODUCT_BUNDLE_IDENTIFIER = com.Arshin.LetsDoIt;
				PRODUCT_NAME = "$(TARGET_NAME)";
				SWIFT_VERSION = 3.0;
			};
			name = Debug;
		};
		735D1BAB1D4AD47000EB9841 /* Release */ = {
			isa = XCBuildConfiguration;
			buildSettings = {
				ASSETCATALOG_COMPILER_APPICON_NAME = AppIcon;
				DEVELOPMENT_TEAM = 29YN3QBTM8;
				INFOPLIST_FILE = "To Do List/Info.plist";
				LD_RUNPATH_SEARCH_PATHS = "$(inherited) @executable_path/Frameworks";
				PRODUCT_BUNDLE_IDENTIFIER = com.Arshin.LetsDoIt;
				PRODUCT_NAME = "$(TARGET_NAME)";
				SWIFT_VERSION = 3.0;
			};
			name = Release;
		};
/* End XCBuildConfiguration section */

/* Begin XCConfigurationList section */
		735D1B921D4AD47000EB9841 /* Build configuration list for PBXProject "To Do List" */ = {
			isa = XCConfigurationList;
			buildConfigurations = (
				735D1BA71D4AD47000EB9841 /* Debug */,
				735D1BA81D4AD47000EB9841 /* Release */,
			);
			defaultConfigurationIsVisible = 0;
			defaultConfigurationName = Release;
		};
		735D1BA91D4AD47000EB9841 /* Build configuration list for PBXNativeTarget "To Do List" */ = {
			isa = XCConfigurationList;
			buildConfigurations = (
				735D1BAA1D4AD47000EB9841 /* Debug */,
				735D1BAB1D4AD47000EB9841 /* Release */,
			);
			defaultConfigurationIsVisible = 0;
			defaultConfigurationName = Release;
		};
/* End XCConfigurationList section */

/* Begin XCVersionGroup section */
		735D1BAE1D4AF35800EB9841 /* TodoList.xcdatamodeld */ = {
			isa = XCVersionGroup;
			children = (
				735D1BAF1D4AF35800EB9841 /* TodoList.xcdatamodel */,
			);
			currentVersion = 735D1BAF1D4AF35800EB9841 /* TodoList.xcdatamodel */;
			path = TodoList.xcdatamodeld;
			sourceTree = "<group>";
			versionGroupType = wrapper.xcdatamodel;
		};
/* End XCVersionGroup section */
	};
	rootObject = 735D1B8F1D4AD47000EB9841 /* Project object */;
}
